
Microsoft Visual Studio Solution File, Format Version 12.00
Project("{FAE04EC0-301F-11D3-BF4B-00C04F79EFBC}") = "KovalskaTest", "KovalskaTest\KovalskaTest.csproj", "{F13856B3-13A8-43CD-9F94-6BBD9CC89625}"
EndProject
Global
	GlobalSection(SolutionConfigurationPlatforms) = preSolution
		Debug|Any CPU = Debug|Any CPU
		Release|Any CPU = Release|Any CPU
	EndGlobalSection
	GlobalSection(ProjectConfigurationPlatforms) = postSolution
		{F13856B3-13A8-43CD-9F94-6BBD9CC89625}.Debug|Any CPU.ActiveCfg = Debug|Any CPU
		{F13856B3-13A8-43CD-9F94-6BBD9CC89625}.Debug|Any CPU.Build.0 = Debug|Any CPU
		{F13856B3-13A8-43CD-9F94-6BBD9CC89625}.Release|Any CPU.ActiveCfg = Release|Any CPU
		{F13856B3-13A8-43CD-9F94-6BBD9CC89625}.Release|Any CPU.Build.0 = Release|Any CPU
	EndGlobalSection
EndGlobal
